
Microsoft Visual Studio Solution File, Format Version 12.00
# Visual Studio Version 17
VisualStudioVersion = 17.3.32819.101
MinimumVisualStudioVersion = 10.0.40219.1
Project("{FAE04EC0-301F-11D3-BF4B-00C04F79EFBC}") = "whot", "whot\whot.csproj", "{BDBD6ED3-C445-46B0-9CDC-9F1CBF5E1A4A}"
EndProject
Global
	GlobalSection(SolutionConfigurationPlatforms) = preSolution
		Debug|Any CPU = Debug|Any CPU
		Release|Any CPU = Release|Any CPU
	EndGlobalSection
	GlobalSection(ProjectConfigurationPlatforms) = postSolution
		{BDBD6ED3-C445-46B0-9CDC-9F1CBF5E1A4A}.Debug|Any CPU.ActiveCfg = Debug|Any CPU
		{BDBD6ED3-C445-46B0-9CDC-9F1CBF5E1A4A}.Debug|Any CPU.Build.0 = Debug|Any CPU
		{BDBD6ED3-C445-46B0-9CDC-9F1CBF5E1A4A}.Release|Any CPU.ActiveCfg = Release|Any CPU
		{BDBD6ED3-C445-46B0-9CDC-9F1CBF5E1A4A}.Release|Any CPU.Build.0 = Release|Any CPU
	EndGlobalSection
	GlobalSection(SolutionProperties) = preSolution
		HideSolutionNode = FALSE
	EndGlobalSection
	GlobalSection(ExtensibilityGlobals) = postSolution
		SolutionGuid = {6E0F24F4-35C7-4676-B196-511C98D2F986}
	EndGlobalSection
EndGlobal
